
Microsoft Visual Studio Solution File, Format Version 12.00
# Visual Studio 15
VisualStudioVersion = 15.0.27004.2002
MinimumVisualStudioVersion = 10.0.40219.1
Project("{FAE04EC0-301F-11D3-BF4B-00C04F79EFBC}") = "DirAlram", "DirAlram\DirAlram.csproj", "{4C38353E-97A0-4EE5-839F-BB69AA02B721}"
EndProject
Global
	GlobalSection(SolutionConfigurationPlatforms) = preSolution
		Debug|Any CPU = Debug|Any CPU
		Release|Any CPU = Release|Any CPU
	EndGlobalSection
	GlobalSection(ProjectConfigurationPlatforms) = postSolution
		{4C38353E-97A0-4EE5-839F-BB69AA02B721}.Debug|Any CPU.ActiveCfg = Debug|Any CPU
		{4C38353E-97A0-4EE5-839F-BB69AA02B721}.Debug|Any CPU.Build.0 = Debug|Any CPU
		{4C38353E-97A0-4EE5-839F-BB69AA02B721}.Release|Any CPU.ActiveCfg = Release|Any CPU
		{4C38353E-97A0-4EE5-839F-BB69AA02B721}.Release|Any CPU.Build.0 = Release|Any CPU
	EndGlobalSection
	GlobalSection(SolutionProperties) = preSolution
		HideSolutionNode = FALSE
	EndGlobalSection
	GlobalSection(ExtensibilityGlobals) = postSolution
		SolutionGuid = {7ABE1C2A-49E5-4515-AEC8-B690C44772D5}
	EndGlobalSection
EndGlobal
